
Microsoft Visual Studio Solution File, Format Version 12.00
# Visual Studio Version 17
VisualStudioVersion = 17.6.33815.320
MinimumVisualStudioVersion = 10.0.40219.1
Project("{2150E333-8FDC-42A3-9474-1A3956D46DE8}") = "N36", "N36", "{FEB9B389-B972-4C8F-B8E5-CC0FF6A63D47}"
EndProject
Project("{9A19103F-16F7-4668-BE54-9A1E7A4F7556}") = "N36", "N36\N36.csproj", "{7F50C175-CFB6-4626-9B55-2D7B68A3F094}"
EndProject
Project("{2150E333-8FDC-42A3-9474-1A3956D46DE8}") = "HT", "HT", "{7A24EE9E-FC6E-401B-9A5B-7945D9649FEE}"
EndProject
Project("{9A19103F-16F7-4668-BE54-9A1E7A4F7556}") = "N36-Record", "N36-Record\N36-Record.csproj", "{1F6F8B59-DDE4-45B3-9436-3F35EF3AAC8F}"
EndProject
Project("{9A19103F-16F7-4668-BE54-9A1E7A4F7556}") = "N36-Struct", "N36-Struct\N36-Struct.csproj", "{9EBBBD6B-067D-4A69-9F61-EFE550902163}"
EndProject
Project("{9A19103F-16F7-4668-BE54-9A1E7A4F7556}") = "N37-tasks", "N37-tasks\N37-tasks.csproj", "{B935DA82-DCC2-4365-AC98-100EBE599012}"
EndProject
Project("{2150E333-8FDC-42A3-9474-1A3956D46DE8}") = "N37", "N37", "{D4FB9B08-0C04-4049-95C7-330AE94EF09C}"
EndProject
Project("{2150E333-8FDC-42A3-9474-1A3956D46DE8}") = "tasks", "tasks", "{7EE02D89-2060-49DB-AA72-E536D52EE7BB}"
EndProject
Project("{9A19103F-16F7-4668-BE54-9A1E7A4F7556}") = "EmailNotifationForUsers", "EmailNotifationForUsers\EmailNotifationForUsers.csproj", "{83205C88-9F72-4170-9B3A-44F0749F929D}"
EndProject
Project("{2150E333-8FDC-42A3-9474-1A3956D46DE8}") = "HT", "HT", "{5E3056D2-EA9A-486D-A139-69AA2C511AEE}"
EndProject
Project("{2150E333-8FDC-42A3-9474-1A3956D46DE8}") = "N40", "N40", "{9E4CA345-73E7-48DE-B908-4BF61A50C0F1}"
EndProject
Project("{2150E333-8FDC-42A3-9474-1A3956D46DE8}") = "tasks", "tasks", "{1D6BDBCB-E176-4C9A-B4C0-ABC7F41ECD52}"
EndProject
Project("{9A19103F-16F7-4668-BE54-9A1E7A4F7556}") = "N10Tester", "N10Tester\N10Tester.csproj", "{E7FA0D01-2003-4AE5-AB19-BBBCE68B62EF}"
EndProject
Project("{2150E333-8FDC-42A3-9474-1A3956D46DE8}") = "N38", "N38", "{DB740779-8C05-4177-AE71-80C90DBF32B5}"
EndProject
Project("{2150E333-8FDC-42A3-9474-1A3956D46DE8}") = "HT", "HT", "{50ABCF96-C222-429A-8F5B-0E8D28FEF178}"
EndProject
Project("{9A19103F-16F7-4668-BE54-9A1E7A4F7556}") = "N38-HT1", "N38-HT1\N38-HT1.csproj", "{5873E16C-3326-4A4D-9D4E-C23BA4F1A131}"
EndProject
Project("{9A19103F-16F7-4668-BE54-9A1E7A4F7556}") = "N38-HT2", "N38-HT2\N38-HT2.csproj", "{3EA70B28-3D4C-4BD5-8C6F-712BB7DD0E7F}"
EndProject
Project("{2150E333-8FDC-42A3-9474-1A3956D46DE8}") = "N-39", "N-39", "{D2EE2470-F152-442E-8CBB-6E2E2E57EF53}"
EndProject
Project("{2150E333-8FDC-42A3-9474-1A3956D46DE8}") = "HT", "HT", "{D25B5593-7AAA-43CD-9E9D-98353D8B8498}"
EndProject
Project("{9A19103F-16F7-4668-BE54-9A1E7A4F7556}") = "N39-HT1", "N39-HT1\N39-HT1.csproj", "{496488A6-9C2F-4FB2-A1A3-067FC4389E51}"
EndProject
Project("{9A19103F-16F7-4668-BE54-9A1E7A4F7556}") = "N39-HT2", "N39-HT2\N39-HT2.csproj", "{D3F947CC-1F66-4A2A-BED4-0BD5AA2694A5}"
EndProject
Project("{2150E333-8FDC-42A3-9474-1A3956D46DE8}") = "N41", "N41", "{3092EC70-4778-4B24-B9CD-BE993D0CFF0D}"
EndProject
Project("{9A19103F-16F7-4668-BE54-9A1E7A4F7556}") = "UserRegistration", "task\UserRegistration.csproj", "{3FB9FB2D-026D-4B18-A932-70D5DDE984A7}"
EndProject
Project("{2150E333-8FDC-42A3-9474-1A3956D46DE8}") = "N42", "N42", "{446902A7-52B5-49B1-B124-3A48F22D7C83}"
EndProject
Project("{2150E333-8FDC-42A3-9474-1A3956D46DE8}") = "trasks", "trasks", "{BE558728-DFD7-4A11-9F8C-6854860D03F3}"
EndProject
Project("{9A19103F-16F7-4668-BE54-9A1E7A4F7556}") = "EducationCenter", "EducationCenter\EducationCenter.csproj", "{702D6926-67F0-41FC-B491-1815828BED9C}"
EndProject
Project("{9A19103F-16F7-4668-BE54-9A1E7A4F7556}") = "FuelCar", "FeulCar\FuelCar.csproj", "{9D9F3907-4D3F-496F-92D0-ED7811B379B9}"
EndProject
Project("{2150E333-8FDC-42A3-9474-1A3956D46DE8}") = "HT", "HT", "{E4F09C5B-1D86-4A8B-80AE-20797BA079DB}"
EndProject
Project("{9A19103F-16F7-4668-BE54-9A1E7A4F7556}") = "N41-HT1", "N41-HT1\N41-HT1.csproj", "{5846801D-F03B-472D-8F46-8FF6957697DB}"
EndProject
Project("{9A19103F-16F7-4668-BE54-9A1E7A4F7556}") = "N41-HT2", "N41-HT2\N41-HT2.csproj", "{990FB4C7-55C6-4A76-81FB-F6553ED1712A}"
EndProject
Project("{2150E333-8FDC-42A3-9474-1A3956D46DE8}") = "N43", "N43", "{C25D5C62-47A1-47C9-AE2E-AA568E4C104F}"
EndProject
Project("{2150E333-8FDC-42A3-9474-1A3956D46DE8}") = "teks", "teks", "{357D6205-40C6-4140-BF2D-0CA180CD9763}"
EndProject
Project("{9A19103F-16F7-4668-BE54-9A1E7A4F7556}") = "MutexA", "MutexA\MutexA.csproj", "{E21E4177-3852-4A09-A602-694C38CBAB34}"
EndProject
Project("{9A19103F-16F7-4668-BE54-9A1E7A4F7556}") = "MutexB", "MutexB\MutexB.csproj", "{FA516042-04E8-4592-86B3-51C6618EF769}"
EndProject
Project("{2150E333-8FDC-42A3-9474-1A3956D46DE8}") = "N45", "N45", "{39F2D3D3-0727-4FFD-84F8-78F43D4C0DD1}"
EndProject
Project("{2150E333-8FDC-42A3-9474-1A3956D46DE8}") = "HT", "HT", "{48652E72-B3BF-4378-9849-4E44444EAF57}"
EndProject
Project("{9A19103F-16F7-4668-BE54-9A1E7A4F7556}") = "N45-HT1", "N45-HT1\N45-HT1.csproj", "{B50DE947-278C-44F3-85DF-5DC832FD8BFA}"
EndProject
Project("{2150E333-8FDC-42A3-9474-1A3956D46DE8}") = "N44", "N44", "{B7D4F9E9-902F-4A2A-9403-DBE33BDB956A}"
EndProject
Project("{2150E333-8FDC-42A3-9474-1A3956D46DE8}") = "HT", "HT", "{E1D6A228-56D9-417F-91E1-63629AC3BEB6}"
EndProject
Project("{2150E333-8FDC-42A3-9474-1A3956D46DE8}") = "N48", "N48", "{4C818787-36CF-4646-A675-BBC4EB4BEAC9}"
EndProject
Project("{9A19103F-16F7-4668-BE54-9A1E7A4F7556}") = "N48_HT1", "N48_HT1\N48_HT1.csproj", "{28D18C5F-E3B3-4884-9624-401F158E5BCD}"
EndProject
Project("{9A19103F-16F7-4668-BE54-9A1E7A4F7556}") = "N44-HT1 - HT2", "N44-HT1\N44-HT1 - HT2.csproj", "{E8DD4A7E-1DF3-4CD9-958F-4AB3232FB662}"
EndProject
Project("{9A19103F-16F7-4668-BE54-9A1E7A4F7556}") = "N43_HT1", "N43_HT1\N43_HT1.csproj", "{C3094B7A-339C-4691-92F9-432090DD65C7}"
EndProject
Project("{2150E333-8FDC-42A3-9474-1A3956D46DE8}") = "HT", "HT", "{FA20EE82-4A29-4888-8CE9-C3F06F11799C}"
EndProject
Project("{9A19103F-16F7-4668-BE54-9A1E7A4F7556}") = "N42-HT1", "HT42-HT1\N42-HT1.csproj", "{AA6E86CC-09EB-4371-8BA8-25BF8FB079D5}"
EndProject
Project("{2150E333-8FDC-42A3-9474-1A3956D46DE8}") = "HT", "HT", "{8A034BA5-108C-42D4-BA90-A0602A850E13}"
EndProject
Project("{2150E333-8FDC-42A3-9474-1A3956D46DE8}") = "N50", "N50", "{8BF80A1D-6FCB-4395-AAB6-BDBF9ED05522}"
EndProject
Project("{2150E333-8FDC-42A3-9474-1A3956D46DE8}") = "HT", "HT", "{40B488A6-7463-4F9B-8E46-3EF35C654DAF}"
EndProject
Project("{9A19103F-16F7-4668-BE54-9A1E7A4F7556}") = "N50-HT1", "N50-HT1\N50-HT1.csproj", "{57D2DD27-623E-4B30-A6B8-B356BFF8607A}"
EndProject
Project("{9A19103F-16F7-4668-BE54-9A1E7A4F7556}") = "ToDoList", "ToDoList\ToDoList.csproj", "{4D4A387C-3FE1-4B5A-BB95-A5E4A8207138}"
EndProject
Project("{2150E333-8FDC-42A3-9474-1A3956D46DE8}") = "N51", "N51", "{29243409-9B5B-4658-ACEE-7954D4BC20E7}"
EndProject
Project("{2150E333-8FDC-42A3-9474-1A3956D46DE8}") = "N52", "N52", "{327C863D-9885-4F9A-9540-8ED7C5E35552}"
EndProject
Project("{9A19103F-16F7-4668-BE54-9A1E7A4F7556}") = "TestDelegate", "TestDelegate\TestDelegate.csproj", "{A8DB640C-5FFC-426E-9CD7-609645388929}"
EndProject
Project("{2150E333-8FDC-42A3-9474-1A3956D46DE8}") = "Exams", "Exams", "{5E0FC775-1082-41F7-9776-F6041E286DDE}"
EndProject
Project("{9A19103F-16F7-4668-BE54-9A1E7A4F7556}") = "N3", "N3\N3.csproj", "{17A21DDB-FB24-4D2B-B97E-8AB315CB6C81}"
EndProject
Project("{9A19103F-16F7-4668-BE54-9A1E7A4F7556}") = "Event", "Event\Event.csproj", "{24E56083-2F47-4DFB-96D3-B749729DB5CD}"
EndProject
Project("{2150E333-8FDC-42A3-9474-1A3956D46DE8}") = "HT", "HT", "{480D92CB-3CE8-47A6-B248-868ED82173FB}"
EndProject
Project("{9A19103F-16F7-4668-BE54-9A1E7A4F7556}") = "N52-HT1", "N52-HT1\N52-HT1.csproj", "{0DBA61AB-7040-4044-9AD0-90619B3E052E}"
EndProject
Project("{2150E333-8FDC-42A3-9474-1A3956D46DE8}") = "N53", "N53", "{0D23E787-5AF0-4A3E-A2B4-8255D4166D23}"
EndProject
Project("{2150E333-8FDC-42A3-9474-1A3956D46DE8}") = "HT", "HT", "{8666BA19-19BA-4ED2-A2C3-DFB9195E6447}"
EndProject
Project("{9A19103F-16F7-4668-BE54-9A1E7A4F7556}") = "N53-HT1", "N53-HT1\N53-HT1.csproj", "{BA1F969B-78D8-424B-85C3-5B5EB41A60FD}"
EndProject
Project("{2150E333-8FDC-42A3-9474-1A3956D46DE8}") = "N55", "N55", "{F762A86D-24B9-4AC1-9082-1BCF82F18E86}"
EndProject
Project("{9A19103F-16F7-4668-BE54-9A1E7A4F7556}") = "File", "File\File.csproj", "{E2DCDBFD-C746-4906-A910-E426D14318B5}"
EndProject
Project("{2150E333-8FDC-42A3-9474-1A3956D46DE8}") = "HT", "HT", "{3A448814-51CC-4523-8505-6E1AF916FEA6}"
EndProject
Project("{9A19103F-16F7-4668-BE54-9A1E7A4F7556}") = "N55-HT1", "N55-HT1\N55-HT1.csproj", "{B241A76A-AC44-418C-B553-C271D4846212}"
EndProject
Project("{2150E333-8FDC-42A3-9474-1A3956D46DE8}") = "N56", "N56", "{704ED807-4A57-4833-9C81-7ABB42F34010}"
EndProject
Project("{9A19103F-16F7-4668-BE54-9A1E7A4F7556}") = "N56 -HT1", "N56 -HT1\N56 -HT1.csproj", "{980D9DA0-2B3E-4D1F-B5F6-69F8BD2FDFF9}"
EndProject
Project("{2150E333-8FDC-42A3-9474-1A3956D46DE8}") = "N57", "N57", "{D578B2E6-CAF1-451C-9EA4-3A1AF1821970}"
EndProject
Project("{9A19103F-16F7-4668-BE54-9A1E7A4F7556}") = "Photogram", "Photogram\Photogram.csproj", "{A75C229E-3BBE-4B12-B8F4-7BB703C9F225}"
EndProject
Project("{9A19103F-16F7-4668-BE54-9A1E7A4F7556}") = "API.Configration", "API.Configration\API.Configration.csproj", "{67FF919C-02C9-44BD-8133-496882841700}"
EndProject
Project("{2150E333-8FDC-42A3-9474-1A3956D46DE8}") = "N62", "N62", "{6563C1D6-0391-4049-B6C3-85936CA2846F}"
EndProject
Project("{2150E333-8FDC-42A3-9474-1A3956D46DE8}") = "HT", "HT", "{A8DD16D0-C648-455C-9D79-04D17F1B2032}"
EndProject
Project("{9A19103F-16F7-4668-BE54-9A1E7A4F7556}") = "Demo", "Demo\Demo.csproj", "{7CB3DE25-B779-4B06-BB07-AA2651005018}"
EndProject
Project("{9A19103F-16F7-4668-BE54-9A1E7A4F7556}") = "CustomMiddleware", "CustomMiddleware\CustomMiddleware.csproj", "{EF2BB01C-7F8E-4DBD-9406-D213F4862B5F}"
EndProject
Project("{2150E333-8FDC-42A3-9474-1A3956D46DE8}") = "N58", "N58", "{D7B9463B-9C72-4496-9347-EF3FD7251858}"
EndProject
Project("{2150E333-8FDC-42A3-9474-1A3956D46DE8}") = "HT", "HT", "{055310F7-93B1-4AAD-B048-9714E42B9A35}"
EndProject
Project("{FAE04EC0-301F-11D3-BF4B-00C04F79EFBC}") = "N58-HT1", "N58-HT1\N58-HT1.csproj", "{27927AB7-9171-418E-B22E-4B36BCCD7B8F}"
EndProject
Project("{FAE04EC0-301F-11D3-BF4B-00C04F79EFBC}") = "N58-HT1.Infrastructura", "N58-HT1.Infrastructura\N58-HT1.Infrastructura.csproj", "{8BEFBFBD-576B-4D89-A2EF-FE03D2AC7E56}"
EndProject
Project("{FAE04EC0-301F-11D3-BF4B-00C04F79EFBC}") = "N58-HT1.Application", "N58-HT1.Application\N58-HT1.Application.csproj", "{8261681C-58A0-4D31-8F6B-672BEF47DBA0}"
EndProject
Global
	GlobalSection(SolutionConfigurationPlatforms) = preSolution
		Debug|Any CPU = Debug|Any CPU
		Release|Any CPU = Release|Any CPU
	EndGlobalSection
	GlobalSection(ProjectConfigurationPlatforms) = postSolution
		{7F50C175-CFB6-4626-9B55-2D7B68A3F094}.Debug|Any CPU.ActiveCfg = Debug|Any CPU
		{7F50C175-CFB6-4626-9B55-2D7B68A3F094}.Debug|Any CPU.Build.0 = Debug|Any CPU
		{7F50C175-CFB6-4626-9B55-2D7B68A3F094}.Release|Any CPU.ActiveCfg = Release|Any CPU
		{7F50C175-CFB6-4626-9B55-2D7B68A3F094}.Release|Any CPU.Build.0 = Release|Any CPU
		{1F6F8B59-DDE4-45B3-9436-3F35EF3AAC8F}.Debug|Any CPU.ActiveCfg = Debug|Any CPU
		{1F6F8B59-DDE4-45B3-9436-3F35EF3AAC8F}.Debug|Any CPU.Build.0 = Debug|Any CPU
		{1F6F8B59-DDE4-45B3-9436-3F35EF3AAC8F}.Release|Any CPU.ActiveCfg = Release|Any CPU
		{1F6F8B59-DDE4-45B3-9436-3F35EF3AAC8F}.Release|Any CPU.Build.0 = Release|Any CPU
		{9EBBBD6B-067D-4A69-9F61-EFE550902163}.Debug|Any CPU.ActiveCfg = Debug|Any CPU
		{9EBBBD6B-067D-4A69-9F61-EFE550902163}.Debug|Any CPU.Build.0 = Debug|Any CPU
		{9EBBBD6B-067D-4A69-9F61-EFE550902163}.Release|Any CPU.ActiveCfg = Release|Any CPU
		{9EBBBD6B-067D-4A69-9F61-EFE550902163}.Release|Any CPU.Build.0 = Release|Any CPU
		{B935DA82-DCC2-4365-AC98-100EBE599012}.Debug|Any CPU.ActiveCfg = Debug|Any CPU
		{B935DA82-DCC2-4365-AC98-100EBE599012}.Debug|Any CPU.Build.0 = Debug|Any CPU
		{B935DA82-DCC2-4365-AC98-100EBE599012}.Release|Any CPU.ActiveCfg = Release|Any CPU
		{B935DA82-DCC2-4365-AC98-100EBE599012}.Release|Any CPU.Build.0 = Release|Any CPU
		{83205C88-9F72-4170-9B3A-44F0749F929D}.Debug|Any CPU.ActiveCfg = Debug|Any CPU
		{83205C88-9F72-4170-9B3A-44F0749F929D}.Debug|Any CPU.Build.0 = Debug|Any CPU
		{83205C88-9F72-4170-9B3A-44F0749F929D}.Release|Any CPU.ActiveCfg = Release|Any CPU
		{83205C88-9F72-4170-9B3A-44F0749F929D}.Release|Any CPU.Build.0 = Release|Any CPU
		{E7FA0D01-2003-4AE5-AB19-BBBCE68B62EF}.Debug|Any CPU.ActiveCfg = Debug|Any CPU
		{E7FA0D01-2003-4AE5-AB19-BBBCE68B62EF}.Debug|Any CPU.Build.0 = Debug|Any CPU
		{E7FA0D01-2003-4AE5-AB19-BBBCE68B62EF}.Release|Any CPU.ActiveCfg = Release|Any CPU
		{E7FA0D01-2003-4AE5-AB19-BBBCE68B62EF}.Release|Any CPU.Build.0 = Release|Any CPU
		{5873E16C-3326-4A4D-9D4E-C23BA4F1A131}.Debug|Any CPU.ActiveCfg = Debug|Any CPU
		{5873E16C-3326-4A4D-9D4E-C23BA4F1A131}.Debug|Any CPU.Build.0 = Debug|Any CPU
		{5873E16C-3326-4A4D-9D4E-C23BA4F1A131}.Release|Any CPU.ActiveCfg = Release|Any CPU
		{5873E16C-3326-4A4D-9D4E-C23BA4F1A131}.Release|Any CPU.Build.0 = Release|Any CPU
		{3EA70B28-3D4C-4BD5-8C6F-712BB7DD0E7F}.Debug|Any CPU.ActiveCfg = Debug|Any CPU
		{3EA70B28-3D4C-4BD5-8C6F-712BB7DD0E7F}.Debug|Any CPU.Build.0 = Debug|Any CPU
		{3EA70B28-3D4C-4BD5-8C6F-712BB7DD0E7F}.Release|Any CPU.ActiveCfg = Release|Any CPU
		{3EA70B28-3D4C-4BD5-8C6F-712BB7DD0E7F}.Release|Any CPU.Build.0 = Release|Any CPU
		{496488A6-9C2F-4FB2-A1A3-067FC4389E51}.Debug|Any CPU.ActiveCfg = Debug|Any CPU
		{496488A6-9C2F-4FB2-A1A3-067FC4389E51}.Debug|Any CPU.Build.0 = Debug|Any CPU
		{496488A6-9C2F-4FB2-A1A3-067FC4389E51}.Release|Any CPU.ActiveCfg = Release|Any CPU
		{496488A6-9C2F-4FB2-A1A3-067FC4389E51}.Release|Any CPU.Build.0 = Release|Any CPU
		{D3F947CC-1F66-4A2A-BED4-0BD5AA2694A5}.Debug|Any CPU.ActiveCfg = Debug|Any CPU
		{D3F947CC-1F66-4A2A-BED4-0BD5AA2694A5}.Debug|Any CPU.Build.0 = Debug|Any CPU
		{D3F947CC-1F66-4A2A-BED4-0BD5AA2694A5}.Release|Any CPU.ActiveCfg = Release|Any CPU
		{D3F947CC-1F66-4A2A-BED4-0BD5AA2694A5}.Release|Any CPU.Build.0 = Release|Any CPU
		{3FB9FB2D-026D-4B18-A932-70D5DDE984A7}.Debug|Any CPU.ActiveCfg = Debug|Any CPU
		{3FB9FB2D-026D-4B18-A932-70D5DDE984A7}.Debug|Any CPU.Build.0 = Debug|Any CPU
		{3FB9FB2D-026D-4B18-A932-70D5DDE984A7}.Release|Any CPU.ActiveCfg = Release|Any CPU
		{3FB9FB2D-026D-4B18-A932-70D5DDE984A7}.Release|Any CPU.Build.0 = Release|Any CPU
		{702D6926-67F0-41FC-B491-1815828BED9C}.Debug|Any CPU.ActiveCfg = Debug|Any CPU
		{702D6926-67F0-41FC-B491-1815828BED9C}.Debug|Any CPU.Build.0 = Debug|Any CPU
		{702D6926-67F0-41FC-B491-1815828BED9C}.Release|Any CPU.ActiveCfg = Release|Any CPU
		{702D6926-67F0-41FC-B491-1815828BED9C}.Release|Any CPU.Build.0 = Release|Any CPU
		{9D9F3907-4D3F-496F-92D0-ED7811B379B9}.Debug|Any CPU.ActiveCfg = Debug|Any CPU
		{9D9F3907-4D3F-496F-92D0-ED7811B379B9}.Debug|Any CPU.Build.0 = Debug|Any CPU
		{9D9F3907-4D3F-496F-92D0-ED7811B379B9}.Release|Any CPU.ActiveCfg = Release|Any CPU
		{9D9F3907-4D3F-496F-92D0-ED7811B379B9}.Release|Any CPU.Build.0 = Release|Any CPU
		{5846801D-F03B-472D-8F46-8FF6957697DB}.Debug|Any CPU.ActiveCfg = Debug|Any CPU
		{5846801D-F03B-472D-8F46-8FF6957697DB}.Debug|Any CPU.Build.0 = Debug|Any CPU
		{5846801D-F03B-472D-8F46-8FF6957697DB}.Release|Any CPU.ActiveCfg = Release|Any CPU
		{5846801D-F03B-472D-8F46-8FF6957697DB}.Release|Any CPU.Build.0 = Release|Any CPU
		{990FB4C7-55C6-4A76-81FB-F6553ED1712A}.Debug|Any CPU.ActiveCfg = Debug|Any CPU
		{990FB4C7-55C6-4A76-81FB-F6553ED1712A}.Debug|Any CPU.Build.0 = Debug|Any CPU
		{990FB4C7-55C6-4A76-81FB-F6553ED1712A}.Release|Any CPU.ActiveCfg = Release|Any CPU
		{990FB4C7-55C6-4A76-81FB-F6553ED1712A}.Release|Any CPU.Build.0 = Release|Any CPU
		{E21E4177-3852-4A09-A602-694C38CBAB34}.Debug|Any CPU.ActiveCfg = Debug|Any CPU
		{E21E4177-3852-4A09-A602-694C38CBAB34}.Debug|Any CPU.Build.0 = Debug|Any CPU
		{E21E4177-3852-4A09-A602-694C38CBAB34}.Release|Any CPU.ActiveCfg = Release|Any CPU
		{E21E4177-3852-4A09-A602-694C38CBAB34}.Release|Any CPU.Build.0 = Release|Any CPU
		{FA516042-04E8-4592-86B3-51C6618EF769}.Debug|Any CPU.ActiveCfg = Debug|Any CPU
		{FA516042-04E8-4592-86B3-51C6618EF769}.Debug|Any CPU.Build.0 = Debug|Any CPU
		{FA516042-04E8-4592-86B3-51C6618EF769}.Release|Any CPU.ActiveCfg = Release|Any CPU
		{FA516042-04E8-4592-86B3-51C6618EF769}.Release|Any CPU.Build.0 = Release|Any CPU
		{B50DE947-278C-44F3-85DF-5DC832FD8BFA}.Debug|Any CPU.ActiveCfg = Debug|Any CPU
		{B50DE947-278C-44F3-85DF-5DC832FD8BFA}.Debug|Any CPU.Build.0 = Debug|Any CPU
		{B50DE947-278C-44F3-85DF-5DC832FD8BFA}.Release|Any CPU.ActiveCfg = Release|Any CPU
		{B50DE947-278C-44F3-85DF-5DC832FD8BFA}.Release|Any CPU.Build.0 = Release|Any CPU
		{28D18C5F-E3B3-4884-9624-401F158E5BCD}.Debug|Any CPU.ActiveCfg = Debug|Any CPU
		{28D18C5F-E3B3-4884-9624-401F158E5BCD}.Debug|Any CPU.Build.0 = Debug|Any CPU
		{28D18C5F-E3B3-4884-9624-401F158E5BCD}.Release|Any CPU.ActiveCfg = Release|Any CPU
		{28D18C5F-E3B3-4884-9624-401F158E5BCD}.Release|Any CPU.Build.0 = Release|Any CPU
		{E8DD4A7E-1DF3-4CD9-958F-4AB3232FB662}.Debug|Any CPU.ActiveCfg = Debug|Any CPU
		{E8DD4A7E-1DF3-4CD9-958F-4AB3232FB662}.Debug|Any CPU.Build.0 = Debug|Any CPU
		{E8DD4A7E-1DF3-4CD9-958F-4AB3232FB662}.Release|Any CPU.ActiveCfg = Release|Any CPU
		{E8DD4A7E-1DF3-4CD9-958F-4AB3232FB662}.Release|Any CPU.Build.0 = Release|Any CPU
		{C3094B7A-339C-4691-92F9-432090DD65C7}.Debug|Any CPU.ActiveCfg = Debug|Any CPU
		{C3094B7A-339C-4691-92F9-432090DD65C7}.Debug|Any CPU.Build.0 = Debug|Any CPU
		{C3094B7A-339C-4691-92F9-432090DD65C7}.Release|Any CPU.ActiveCfg = Release|Any CPU
		{C3094B7A-339C-4691-92F9-432090DD65C7}.Release|Any CPU.Build.0 = Release|Any CPU
		{AA6E86CC-09EB-4371-8BA8-25BF8FB079D5}.Debug|Any CPU.ActiveCfg = Debug|Any CPU
		{AA6E86CC-09EB-4371-8BA8-25BF8FB079D5}.Debug|Any CPU.Build.0 = Debug|Any CPU
		{AA6E86CC-09EB-4371-8BA8-25BF8FB079D5}.Release|Any CPU.ActiveCfg = Release|Any CPU
		{AA6E86CC-09EB-4371-8BA8-25BF8FB079D5}.Release|Any CPU.Build.0 = Release|Any CPU
		{57D2DD27-623E-4B30-A6B8-B356BFF8607A}.Debug|Any CPU.ActiveCfg = Debug|Any CPU
		{57D2DD27-623E-4B30-A6B8-B356BFF8607A}.Debug|Any CPU.Build.0 = Debug|Any CPU
		{57D2DD27-623E-4B30-A6B8-B356BFF8607A}.Release|Any CPU.ActiveCfg = Release|Any CPU
		{57D2DD27-623E-4B30-A6B8-B356BFF8607A}.Release|Any CPU.Build.0 = Release|Any CPU
		{4D4A387C-3FE1-4B5A-BB95-A5E4A8207138}.Debug|Any CPU.ActiveCfg = Debug|Any CPU
		{4D4A387C-3FE1-4B5A-BB95-A5E4A8207138}.Debug|Any CPU.Build.0 = Debug|Any CPU
		{4D4A387C-3FE1-4B5A-BB95-A5E4A8207138}.Release|Any CPU.ActiveCfg = Release|Any CPU
		{4D4A387C-3FE1-4B5A-BB95-A5E4A8207138}.Release|Any CPU.Build.0 = Release|Any CPU
		{A8DB640C-5FFC-426E-9CD7-609645388929}.Debug|Any CPU.ActiveCfg = Debug|Any CPU
		{A8DB640C-5FFC-426E-9CD7-609645388929}.Debug|Any CPU.Build.0 = Debug|Any CPU
		{A8DB640C-5FFC-426E-9CD7-609645388929}.Release|Any CPU.ActiveCfg = Release|Any CPU
		{A8DB640C-5FFC-426E-9CD7-609645388929}.Release|Any CPU.Build.0 = Release|Any CPU
		{17A21DDB-FB24-4D2B-B97E-8AB315CB6C81}.Debug|Any CPU.ActiveCfg = Debug|Any CPU
		{17A21DDB-FB24-4D2B-B97E-8AB315CB6C81}.Debug|Any CPU.Build.0 = Debug|Any CPU
		{17A21DDB-FB24-4D2B-B97E-8AB315CB6C81}.Release|Any CPU.ActiveCfg = Release|Any CPU
		{17A21DDB-FB24-4D2B-B97E-8AB315CB6C81}.Release|Any CPU.Build.0 = Release|Any CPU
		{24E56083-2F47-4DFB-96D3-B749729DB5CD}.Debug|Any CPU.ActiveCfg = Debug|Any CPU
		{24E56083-2F47-4DFB-96D3-B749729DB5CD}.Debug|Any CPU.Build.0 = Debug|Any CPU
		{24E56083-2F47-4DFB-96D3-B749729DB5CD}.Release|Any CPU.ActiveCfg = Release|Any CPU
		{24E56083-2F47-4DFB-96D3-B749729DB5CD}.Release|Any CPU.Build.0 = Release|Any CPU
		{0DBA61AB-7040-4044-9AD0-90619B3E052E}.Debug|Any CPU.ActiveCfg = Debug|Any CPU
		{0DBA61AB-7040-4044-9AD0-90619B3E052E}.Debug|Any CPU.Build.0 = Debug|Any CPU
		{0DBA61AB-7040-4044-9AD0-90619B3E052E}.Release|Any CPU.ActiveCfg = Release|Any CPU
		{0DBA61AB-7040-4044-9AD0-90619B3E052E}.Release|Any CPU.Build.0 = Release|Any CPU
		{BA1F969B-78D8-424B-85C3-5B5EB41A60FD}.Debug|Any CPU.ActiveCfg = Debug|Any CPU
		{BA1F969B-78D8-424B-85C3-5B5EB41A60FD}.Debug|Any CPU.Build.0 = Debug|Any CPU
		{BA1F969B-78D8-424B-85C3-5B5EB41A60FD}.Release|Any CPU.ActiveCfg = Release|Any CPU
		{BA1F969B-78D8-424B-85C3-5B5EB41A60FD}.Release|Any CPU.Build.0 = Release|Any CPU
		{E2DCDBFD-C746-4906-A910-E426D14318B5}.Debug|Any CPU.ActiveCfg = Debug|Any CPU
		{E2DCDBFD-C746-4906-A910-E426D14318B5}.Debug|Any CPU.Build.0 = Debug|Any CPU
		{E2DCDBFD-C746-4906-A910-E426D14318B5}.Release|Any CPU.ActiveCfg = Release|Any CPU
		{E2DCDBFD-C746-4906-A910-E426D14318B5}.Release|Any CPU.Build.0 = Release|Any CPU
		{B241A76A-AC44-418C-B553-C271D4846212}.Debug|Any CPU.ActiveCfg = Debug|Any CPU
		{B241A76A-AC44-418C-B553-C271D4846212}.Debug|Any CPU.Build.0 = Debug|Any CPU
		{B241A76A-AC44-418C-B553-C271D4846212}.Release|Any CPU.ActiveCfg = Release|Any CPU
		{B241A76A-AC44-418C-B553-C271D4846212}.Release|Any CPU.Build.0 = Release|Any CPU
		{980D9DA0-2B3E-4D1F-B5F6-69F8BD2FDFF9}.Debug|Any CPU.ActiveCfg = Debug|Any CPU
		{980D9DA0-2B3E-4D1F-B5F6-69F8BD2FDFF9}.Debug|Any CPU.Build.0 = Debug|Any CPU
		{980D9DA0-2B3E-4D1F-B5F6-69F8BD2FDFF9}.Release|Any CPU.ActiveCfg = Release|Any CPU
		{980D9DA0-2B3E-4D1F-B5F6-69F8BD2FDFF9}.Release|Any CPU.Build.0 = Release|Any CPU
		{A75C229E-3BBE-4B12-B8F4-7BB703C9F225}.Debug|Any CPU.ActiveCfg = Debug|Any CPU
		{A75C229E-3BBE-4B12-B8F4-7BB703C9F225}.Debug|Any CPU.Build.0 = Debug|Any CPU
		{A75C229E-3BBE-4B12-B8F4-7BB703C9F225}.Release|Any CPU.ActiveCfg = Release|Any CPU
		{A75C229E-3BBE-4B12-B8F4-7BB703C9F225}.Release|Any CPU.Build.0 = Release|Any CPU
		{67FF919C-02C9-44BD-8133-496882841700}.Debug|Any CPU.ActiveCfg = Debug|Any CPU
		{67FF919C-02C9-44BD-8133-496882841700}.Debug|Any CPU.Build.0 = Debug|Any CPU
		{67FF919C-02C9-44BD-8133-496882841700}.Release|Any CPU.ActiveCfg = Release|Any CPU
		{67FF919C-02C9-44BD-8133-496882841700}.Release|Any CPU.Build.0 = Release|Any CPU
		{7CB3DE25-B779-4B06-BB07-AA2651005018}.Debug|Any CPU.ActiveCfg = Debug|Any CPU
		{7CB3DE25-B779-4B06-BB07-AA2651005018}.Debug|Any CPU.Build.0 = Debug|Any CPU
		{7CB3DE25-B779-4B06-BB07-AA2651005018}.Release|Any CPU.ActiveCfg = Release|Any CPU
		{7CB3DE25-B779-4B06-BB07-AA2651005018}.Release|Any CPU.Build.0 = Release|Any CPU
		{EF2BB01C-7F8E-4DBD-9406-D213F4862B5F}.Debug|Any CPU.ActiveCfg = Debug|Any CPU
		{EF2BB01C-7F8E-4DBD-9406-D213F4862B5F}.Debug|Any CPU.Build.0 = Debug|Any CPU
		{EF2BB01C-7F8E-4DBD-9406-D213F4862B5F}.Release|Any CPU.ActiveCfg = Release|Any CPU
		{EF2BB01C-7F8E-4DBD-9406-D213F4862B5F}.Release|Any CPU.Build.0 = Release|Any CPU
		{27927AB7-9171-418E-B22E-4B36BCCD7B8F}.Debug|Any CPU.ActiveCfg = Debug|Any CPU
		{27927AB7-9171-418E-B22E-4B36BCCD7B8F}.Debug|Any CPU.Build.0 = Debug|Any CPU
		{27927AB7-9171-418E-B22E-4B36BCCD7B8F}.Release|Any CPU.ActiveCfg = Release|Any CPU
		{27927AB7-9171-418E-B22E-4B36BCCD7B8F}.Release|Any CPU.Build.0 = Release|Any CPU
		{8BEFBFBD-576B-4D89-A2EF-FE03D2AC7E56}.Debug|Any CPU.ActiveCfg = Debug|Any CPU
		{8BEFBFBD-576B-4D89-A2EF-FE03D2AC7E56}.Debug|Any CPU.Build.0 = Debug|Any CPU
		{8BEFBFBD-576B-4D89-A2EF-FE03D2AC7E56}.Release|Any CPU.ActiveCfg = Release|Any CPU
		{8BEFBFBD-576B-4D89-A2EF-FE03D2AC7E56}.Release|Any CPU.Build.0 = Release|Any CPU
		{8261681C-58A0-4D31-8F6B-672BEF47DBA0}.Debug|Any CPU.ActiveCfg = Debug|Any CPU
		{8261681C-58A0-4D31-8F6B-672BEF47DBA0}.Debug|Any CPU.Build.0 = Debug|Any CPU
		{8261681C-58A0-4D31-8F6B-672BEF47DBA0}.Release|Any CPU.ActiveCfg = Release|Any CPU
		{8261681C-58A0-4D31-8F6B-672BEF47DBA0}.Release|Any CPU.Build.0 = Release|Any CPU
	EndGlobalSection
	GlobalSection(SolutionProperties) = preSolution
		HideSolutionNode = FALSE
	EndGlobalSection
	GlobalSection(NestedProjects) = preSolution
		{7F50C175-CFB6-4626-9B55-2D7B68A3F094} = {FEB9B389-B972-4C8F-B8E5-CC0FF6A63D47}
		{7A24EE9E-FC6E-401B-9A5B-7945D9649FEE} = {FEB9B389-B972-4C8F-B8E5-CC0FF6A63D47}
		{1F6F8B59-DDE4-45B3-9436-3F35EF3AAC8F} = {7A24EE9E-FC6E-401B-9A5B-7945D9649FEE}
		{9EBBBD6B-067D-4A69-9F61-EFE550902163} = {7A24EE9E-FC6E-401B-9A5B-7945D9649FEE}
		{B935DA82-DCC2-4365-AC98-100EBE599012} = {7EE02D89-2060-49DB-AA72-E536D52EE7BB}
		{7EE02D89-2060-49DB-AA72-E536D52EE7BB} = {D4FB9B08-0C04-4049-95C7-330AE94EF09C}
		{83205C88-9F72-4170-9B3A-44F0749F929D} = {5E3056D2-EA9A-486D-A139-69AA2C511AEE}
		{5E3056D2-EA9A-486D-A139-69AA2C511AEE} = {D4FB9B08-0C04-4049-95C7-330AE94EF09C}
		{1D6BDBCB-E176-4C9A-B4C0-ABC7F41ECD52} = {9E4CA345-73E7-48DE-B908-4BF61A50C0F1}
		{E7FA0D01-2003-4AE5-AB19-BBBCE68B62EF} = {1D6BDBCB-E176-4C9A-B4C0-ABC7F41ECD52}
		{50ABCF96-C222-429A-8F5B-0E8D28FEF178} = {DB740779-8C05-4177-AE71-80C90DBF32B5}
		{5873E16C-3326-4A4D-9D4E-C23BA4F1A131} = {50ABCF96-C222-429A-8F5B-0E8D28FEF178}
		{3EA70B28-3D4C-4BD5-8C6F-712BB7DD0E7F} = {50ABCF96-C222-429A-8F5B-0E8D28FEF178}
		{D25B5593-7AAA-43CD-9E9D-98353D8B8498} = {D2EE2470-F152-442E-8CBB-6E2E2E57EF53}
		{496488A6-9C2F-4FB2-A1A3-067FC4389E51} = {D25B5593-7AAA-43CD-9E9D-98353D8B8498}
		{D3F947CC-1F66-4A2A-BED4-0BD5AA2694A5} = {D25B5593-7AAA-43CD-9E9D-98353D8B8498}
		{3FB9FB2D-026D-4B18-A932-70D5DDE984A7} = {3092EC70-4778-4B24-B9CD-BE993D0CFF0D}
		{BE558728-DFD7-4A11-9F8C-6854860D03F3} = {446902A7-52B5-49B1-B124-3A48F22D7C83}
		{702D6926-67F0-41FC-B491-1815828BED9C} = {BE558728-DFD7-4A11-9F8C-6854860D03F3}
		{9D9F3907-4D3F-496F-92D0-ED7811B379B9} = {BE558728-DFD7-4A11-9F8C-6854860D03F3}
		{E4F09C5B-1D86-4A8B-80AE-20797BA079DB} = {3092EC70-4778-4B24-B9CD-BE993D0CFF0D}
		{5846801D-F03B-472D-8F46-8FF6957697DB} = {E4F09C5B-1D86-4A8B-80AE-20797BA079DB}
		{990FB4C7-55C6-4A76-81FB-F6553ED1712A} = {E4F09C5B-1D86-4A8B-80AE-20797BA079DB}
		{357D6205-40C6-4140-BF2D-0CA180CD9763} = {C25D5C62-47A1-47C9-AE2E-AA568E4C104F}
		{E21E4177-3852-4A09-A602-694C38CBAB34} = {357D6205-40C6-4140-BF2D-0CA180CD9763}
		{FA516042-04E8-4592-86B3-51C6618EF769} = {357D6205-40C6-4140-BF2D-0CA180CD9763}
		{48652E72-B3BF-4378-9849-4E44444EAF57} = {39F2D3D3-0727-4FFD-84F8-78F43D4C0DD1}
		{B50DE947-278C-44F3-85DF-5DC832FD8BFA} = {48652E72-B3BF-4378-9849-4E44444EAF57}
		{E1D6A228-56D9-417F-91E1-63629AC3BEB6} = {B7D4F9E9-902F-4A2A-9403-DBE33BDB956A}
		{28D18C5F-E3B3-4884-9624-401F158E5BCD} = {8A034BA5-108C-42D4-BA90-A0602A850E13}
		{E8DD4A7E-1DF3-4CD9-958F-4AB3232FB662} = {E1D6A228-56D9-417F-91E1-63629AC3BEB6}
		{C3094B7A-339C-4691-92F9-432090DD65C7} = {C25D5C62-47A1-47C9-AE2E-AA568E4C104F}
		{FA20EE82-4A29-4888-8CE9-C3F06F11799C} = {446902A7-52B5-49B1-B124-3A48F22D7C83}
		{AA6E86CC-09EB-4371-8BA8-25BF8FB079D5} = {FA20EE82-4A29-4888-8CE9-C3F06F11799C}
		{8A034BA5-108C-42D4-BA90-A0602A850E13} = {4C818787-36CF-4646-A675-BBC4EB4BEAC9}
		{40B488A6-7463-4F9B-8E46-3EF35C654DAF} = {8BF80A1D-6FCB-4395-AAB6-BDBF9ED05522}
		{57D2DD27-623E-4B30-A6B8-B356BFF8607A} = {40B488A6-7463-4F9B-8E46-3EF35C654DAF}
		{4D4A387C-3FE1-4B5A-BB95-A5E4A8207138} = {29243409-9B5B-4658-ACEE-7954D4BC20E7}
		{A8DB640C-5FFC-426E-9CD7-609645388929} = {327C863D-9885-4F9A-9540-8ED7C5E35552}
		{17A21DDB-FB24-4D2B-B97E-8AB315CB6C81} = {5E0FC775-1082-41F7-9776-F6041E286DDE}
		{24E56083-2F47-4DFB-96D3-B749729DB5CD} = {327C863D-9885-4F9A-9540-8ED7C5E35552}
		{480D92CB-3CE8-47A6-B248-868ED82173FB} = {327C863D-9885-4F9A-9540-8ED7C5E35552}
		{0DBA61AB-7040-4044-9AD0-90619B3E052E} = {480D92CB-3CE8-47A6-B248-868ED82173FB}
		{8666BA19-19BA-4ED2-A2C3-DFB9195E6447} = {0D23E787-5AF0-4A3E-A2B4-8255D4166D23}
		{BA1F969B-78D8-424B-85C3-5B5EB41A60FD} = {8666BA19-19BA-4ED2-A2C3-DFB9195E6447}
		{E2DCDBFD-C746-4906-A910-E426D14318B5} = {F762A86D-24B9-4AC1-9082-1BCF82F18E86}
		{3A448814-51CC-4523-8505-6E1AF916FEA6} = {F762A86D-24B9-4AC1-9082-1BCF82F18E86}
		{B241A76A-AC44-418C-B553-C271D4846212} = {3A448814-51CC-4523-8505-6E1AF916FEA6}
		{980D9DA0-2B3E-4D1F-B5F6-69F8BD2FDFF9} = {A8DD16D0-C648-455C-9D79-04D17F1B2032}
		{A75C229E-3BBE-4B12-B8F4-7BB703C9F225} = {D578B2E6-CAF1-451C-9EA4-3A1AF1821970}
		{67FF919C-02C9-44BD-8133-496882841700} = {D578B2E6-CAF1-451C-9EA4-3A1AF1821970}
		{A8DD16D0-C648-455C-9D79-04D17F1B2032} = {704ED807-4A57-4833-9C81-7ABB42F34010}
		{7CB3DE25-B779-4B06-BB07-AA2651005018} = {6563C1D6-0391-4049-B6C3-85936CA2846F}
		{EF2BB01C-7F8E-4DBD-9406-D213F4862B5F} = {6563C1D6-0391-4049-B6C3-85936CA2846F}
		{055310F7-93B1-4AAD-B048-9714E42B9A35} = {D7B9463B-9C72-4496-9347-EF3FD7251858}
		{27927AB7-9171-418E-B22E-4B36BCCD7B8F} = {055310F7-93B1-4AAD-B048-9714E42B9A35}
		{8BEFBFBD-576B-4D89-A2EF-FE03D2AC7E56} = {055310F7-93B1-4AAD-B048-9714E42B9A35}
		{8261681C-58A0-4D31-8F6B-672BEF47DBA0} = {055310F7-93B1-4AAD-B048-9714E42B9A35}
	EndGlobalSection
	GlobalSection(ExtensibilityGlobals) = postSolution
		SolutionGuid = {52579ABE-7192-46B6-92BE-6401B58589F5}
	EndGlobalSection
EndGlobal
