
Microsoft Visual Studio Solution File, Format Version 12.00
# Visual Studio Version 17
VisualStudioVersion = 17.6.33815.320
MinimumVisualStudioVersion = 10.0.40219.1
Project("{2150E333-8FDC-42A3-9474-1A3956D46DE8}") = "N36", "N36", "{FEB9B389-B972-4C8F-B8E5-CC0FF6A63D47}"
EndProject
Project("{9A19103F-16F7-4668-BE54-9A1E7A4F7556}") = "N36", "N36\N36.csproj", "{7F50C175-CFB6-4626-9B55-2D7B68A3F094}"
EndProject
Project("{2150E333-8FDC-42A3-9474-1A3956D46DE8}") = "HT", "HT", "{7A24EE9E-FC6E-401B-9A5B-7945D9649FEE}"
EndProject
Project("{FAE04EC0-301F-11D3-BF4B-00C04F79EFBC}") = "N36-Record", "N36-Record\N36-Record.csproj", "{1F6F8B59-DDE4-45B3-9436-3F35EF3AAC8F}"
EndProject
Project("{FAE04EC0-301F-11D3-BF4B-00C04F79EFBC}") = "N36-Struct", "N36-Struct\N36-Struct.csproj", "{9EBBBD6B-067D-4A69-9F61-EFE550902163}"
EndProject
Project("{FAE04EC0-301F-11D3-BF4B-00C04F79EFBC}") = "N37-tasks", "N37-tasks\N37-tasks.csproj", "{B935DA82-DCC2-4365-AC98-100EBE599012}"
EndProject
Project("{2150E333-8FDC-42A3-9474-1A3956D46DE8}") = "N37", "N37", "{D4FB9B08-0C04-4049-95C7-330AE94EF09C}"
EndProject
Project("{2150E333-8FDC-42A3-9474-1A3956D46DE8}") = "tasks", "tasks", "{7EE02D89-2060-49DB-AA72-E536D52EE7BB}"
EndProject
Global
	GlobalSection(SolutionConfigurationPlatforms) = preSolution
		Debug|Any CPU = Debug|Any CPU
		Release|Any CPU = Release|Any CPU
	EndGlobalSection
	GlobalSection(ProjectConfigurationPlatforms) = postSolution
		{7F50C175-CFB6-4626-9B55-2D7B68A3F094}.Debug|Any CPU.ActiveCfg = Debug|Any CPU
		{7F50C175-CFB6-4626-9B55-2D7B68A3F094}.Debug|Any CPU.Build.0 = Debug|Any CPU
		{7F50C175-CFB6-4626-9B55-2D7B68A3F094}.Release|Any CPU.ActiveCfg = Release|Any CPU
		{7F50C175-CFB6-4626-9B55-2D7B68A3F094}.Release|Any CPU.Build.0 = Release|Any CPU
		{1F6F8B59-DDE4-45B3-9436-3F35EF3AAC8F}.Debug|Any CPU.ActiveCfg = Debug|Any CPU
		{1F6F8B59-DDE4-45B3-9436-3F35EF3AAC8F}.Debug|Any CPU.Build.0 = Debug|Any CPU
		{1F6F8B59-DDE4-45B3-9436-3F35EF3AAC8F}.Release|Any CPU.ActiveCfg = Release|Any CPU
		{1F6F8B59-DDE4-45B3-9436-3F35EF3AAC8F}.Release|Any CPU.Build.0 = Release|Any CPU
		{9EBBBD6B-067D-4A69-9F61-EFE550902163}.Debug|Any CPU.ActiveCfg = Debug|Any CPU
		{9EBBBD6B-067D-4A69-9F61-EFE550902163}.Debug|Any CPU.Build.0 = Debug|Any CPU
		{9EBBBD6B-067D-4A69-9F61-EFE550902163}.Release|Any CPU.ActiveCfg = Release|Any CPU
		{9EBBBD6B-067D-4A69-9F61-EFE550902163}.Release|Any CPU.Build.0 = Release|Any CPU
		{B935DA82-DCC2-4365-AC98-100EBE599012}.Debug|Any CPU.ActiveCfg = Debug|Any CPU
		{B935DA82-DCC2-4365-AC98-100EBE599012}.Debug|Any CPU.Build.0 = Debug|Any CPU
		{B935DA82-DCC2-4365-AC98-100EBE599012}.Release|Any CPU.ActiveCfg = Release|Any CPU
		{B935DA82-DCC2-4365-AC98-100EBE599012}.Release|Any CPU.Build.0 = Release|Any CPU
	EndGlobalSection
	GlobalSection(SolutionProperties) = preSolution
		HideSolutionNode = FALSE
	EndGlobalSection
	GlobalSection(NestedProjects) = preSolution
		{7F50C175-CFB6-4626-9B55-2D7B68A3F094} = {FEB9B389-B972-4C8F-B8E5-CC0FF6A63D47}
		{7A24EE9E-FC6E-401B-9A5B-7945D9649FEE} = {FEB9B389-B972-4C8F-B8E5-CC0FF6A63D47}
		{1F6F8B59-DDE4-45B3-9436-3F35EF3AAC8F} = {7A24EE9E-FC6E-401B-9A5B-7945D9649FEE}
		{9EBBBD6B-067D-4A69-9F61-EFE550902163} = {7A24EE9E-FC6E-401B-9A5B-7945D9649FEE}
		{B935DA82-DCC2-4365-AC98-100EBE599012} = {7EE02D89-2060-49DB-AA72-E536D52EE7BB}
		{7EE02D89-2060-49DB-AA72-E536D52EE7BB} = {D4FB9B08-0C04-4049-95C7-330AE94EF09C}
	EndGlobalSection
	GlobalSection(ExtensibilityGlobals) = postSolution
		SolutionGuid = {52579ABE-7192-46B6-92BE-6401B58589F5}
	EndGlobalSection
EndGlobal
